
Microsoft Visual Studio Solution File, Format Version 12.00
# Visual Studio Version 17
VisualStudioVersion = 17.8.34322.80
MinimumVisualStudioVersion = 10.0.40219.1
Project("{FAE04EC0-301F-11D3-BF4B-00C04F79EFBC}") = "WebApp", "WebApp\WebApp.csproj", "{A074C053-693A-47DB-96C2-B5F084079DBA}"
EndProject
Global
	GlobalSection(SolutionConfigurationPlatforms) = preSolution
		Debug|Any CPU = Debug|Any CPU
		Release|Any CPU = Release|Any CPU
	EndGlobalSection
	GlobalSection(ProjectConfigurationPlatforms) = postSolution
		{A074C053-693A-47DB-96C2-B5F084079DBA}.Debug|Any CPU.ActiveCfg = Debug|Any CPU
		{A074C053-693A-47DB-96C2-B5F084079DBA}.Debug|Any CPU.Build.0 = Debug|Any CPU
		{A074C053-693A-47DB-96C2-B5F084079DBA}.Release|Any CPU.ActiveCfg = Release|Any CPU
		{A074C053-693A-47DB-96C2-B5F084079DBA}.Release|Any CPU.Build.0 = Release|Any CPU
	EndGlobalSection
	GlobalSection(SolutionProperties) = preSolution
		HideSolutionNode = FALSE
	EndGlobalSection
	GlobalSection(ExtensibilityGlobals) = postSolution
		SolutionGuid = {33C48893-ED97-4CE5-B4A6-B1CF880E2B37}
	EndGlobalSection
EndGlobal
